// !$*UTF8*$!
{
	archiveVersion = 1;
	classes = {
	};
	objectVersion = 77;
	objects = {

/* Begin PBXBuildFile section */
		A3CABDE42CF60D66001BF3C7 /* Finance.db in Resources */ = {isa = PBXBuildFile; fileRef = A3CABDE32CF60D66001BF3C7 /* Finance.db */; };
		A3CABDE72CF60E0C001BF3C7 /* CompareETFs.txt in Resources */ = {isa = PBXBuildFile; fileRef = A3CABDE62CF60E0C001BF3C7 /* CompareETFs.txt */; };
		A3CABDEA2CF60E22001BF3C7 /* CompareStock.txt in Resources */ = {isa = PBXBuildFile; fileRef = A3CABDE92CF60E22001BF3C7 /* CompareStock.txt */; };
		A3CABDED2CF60E3D001BF3C7 /* marketcap_pe.txt in Resources */ = {isa = PBXBuildFile; fileRef = A3CABDEC2CF60E3D001BF3C7 /* marketcap_pe.txt */; };
		A3CABDEF2CF60EE6001BF3C7 /* Compare_All.txt in Resources */ = {isa = PBXBuildFile; fileRef = A3CABDEE2CF60EE6001BF3C7 /* Compare_All.txt */; };
		A3CABDF12CF60F0C001BF3C7 /* description.json in Resources */ = {isa = PBXBuildFile; fileRef = A3CABDF02CF60F0C001BF3C7 /* description.json */; };
		A3CABDF32CF60F39001BF3C7 /* Sectors_panel.json in Resources */ = {isa = PBXBuildFile; fileRef = A3CABDF22CF60F39001BF3C7 /* Sectors_panel.json */; };
		A3CABDF52CF60F9C001BF3C7 /* Sectors_All.json in Resources */ = {isa = PBXBuildFile; fileRef = A3CABDF42CF60F9C001BF3C7 /* Sectors_All.json */; };
		A3EEFC5E2CF59A7C00788F5D /* DGCharts in Frameworks */ = {isa = PBXBuildFile; productRef = A3EEFC5D2CF59A7C00788F5D /* DGCharts */; };
/* End PBXBuildFile section */

/* Begin PBXContainerItemProxy section */
		A3BC824A2CF33B4C002E3DCE /* PBXContainerItemProxy */ = {
			isa = PBXContainerItemProxy;
			containerPortal = A3BC82312CF33B4A002E3DCE /* Project object */;
			proxyType = 1;
			remoteGlobalIDString = A3BC82382CF33B4A002E3DCE;
			remoteInfo = Finance;
		};
		A3BC82542CF33B4C002E3DCE /* PBXContainerItemProxy */ = {
			isa = PBXContainerItemProxy;
			containerPortal = A3BC82312CF33B4A002E3DCE /* Project object */;
			proxyType = 1;
			remoteGlobalIDString = A3BC82382CF33B4A002E3DCE;
			remoteInfo = Finance;
		};
/* End PBXContainerItemProxy section */

/* Begin PBXFileReference section */
		A3BC82392CF33B4A002E3DCE /* Finance.app */ = {isa = PBXFileReference; explicitFileType = wrapper.application; includeInIndex = 0; path = Finance.app; sourceTree = BUILT_PRODUCTS_DIR; };
		A3BC82492CF33B4C002E3DCE /* FinanceTests.xctest */ = {isa = PBXFileReference; explicitFileType = wrapper.cfbundle; includeInIndex = 0; path = FinanceTests.xctest; sourceTree = BUILT_PRODUCTS_DIR; };
		A3BC82532CF33B4C002E3DCE /* FinanceUITests.xctest */ = {isa = PBXFileReference; explicitFileType = wrapper.cfbundle; includeInIndex = 0; path = FinanceUITests.xctest; sourceTree = BUILT_PRODUCTS_DIR; };
		A3CABDE32CF60D66001BF3C7 /* Finance.db */ = {isa = PBXFileReference; lastKnownFileType = file; name = Finance.db; path = ../../Database/Finance.db; sourceTree = "<group>"; };
		A3CABDE62CF60E0C001BF3C7 /* CompareETFs.txt */ = {isa = PBXFileReference; lastKnownFileType = text; name = CompareETFs.txt; path = ../../News/CompareETFs.txt; sourceTree = "<group>"; };
		A3CABDE92CF60E22001BF3C7 /* CompareStock.txt */ = {isa = PBXFileReference; lastKnownFileType = text; name = CompareStock.txt; path = ../../News/CompareStock.txt; sourceTree = "<group>"; };
		A3CABDEC2CF60E3D001BF3C7 /* marketcap_pe.txt */ = {isa = PBXFileReference; lastKnownFileType = text; name = marketcap_pe.txt; path = ../../News/backup/marketcap_pe.txt; sourceTree = "<group>"; };
		A3CABDEE2CF60EE6001BF3C7 /* Compare_All.txt */ = {isa = PBXFileReference; lastKnownFileType = text; name = Compare_All.txt; path = ../../News/backup/Compare_All.txt; sourceTree = "<group>"; };
		A3CABDF02CF60F0C001BF3C7 /* description.json */ = {isa = PBXFileReference; lastKnownFileType = text.json; name = description.json; path = ../../Financial_System/Modules/description.json; sourceTree = "<group>"; };
		A3CABDF22CF60F39001BF3C7 /* Sectors_panel.json */ = {isa = PBXFileReference; lastKnownFileType = text.json; name = Sectors_panel.json; path = ../../Financial_System/Modules/Sectors_panel.json; sourceTree = "<group>"; };
		A3CABDF42CF60F9C001BF3C7 /* Sectors_All.json */ = {isa = PBXFileReference; lastKnownFileType = text.json; name = Sectors_All.json; path = ../../Financial_System/Modules/Sectors_All.json; sourceTree = "<group>"; };
/* End PBXFileReference section */

/* Begin PBXFileSystemSynchronizedRootGroup section */
		A3BC823B2CF33B4A002E3DCE /* Finance */ = {
			isa = PBXFileSystemSynchronizedRootGroup;
			path = Finance;
			sourceTree = "<group>";
		};
		A3BC824C2CF33B4C002E3DCE /* FinanceTests */ = {
			isa = PBXFileSystemSynchronizedRootGroup;
			path = FinanceTests;
			sourceTree = "<group>";
		};
		A3BC82562CF33B4C002E3DCE /* FinanceUITests */ = {
			isa = PBXFileSystemSynchronizedRootGroup;
			path = FinanceUITests;
			sourceTree = "<group>";
		};
/* End PBXFileSystemSynchronizedRootGroup section */

/* Begin PBXFrameworksBuildPhase section */
		A3BC82362CF33B4A002E3DCE /* Frameworks */ = {
			isa = PBXFrameworksBuildPhase;
			buildActionMask = 2147483647;
			files = (
				A3EEFC5E2CF59A7C00788F5D /* DGCharts in Frameworks */,
			);
			runOnlyForDeploymentPostprocessing = 0;
		};
		A3BC82462CF33B4C002E3DCE /* Frameworks */ = {
			isa = PBXFrameworksBuildPhase;
			buildActionMask = 2147483647;
			files = (
			);
			runOnlyForDeploymentPostprocessing = 0;
		};
		A3BC82502CF33B4C002E3DCE /* Frameworks */ = {
			isa = PBXFrameworksBuildPhase;
			buildActionMask = 2147483647;
			files = (
			);
			runOnlyForDeploymentPostprocessing = 0;
		};
/* End PBXFrameworksBuildPhase section */

/* Begin PBXGroup section */
		A3BC82302CF33B4A002E3DCE = {
			isa = PBXGroup;
			children = (
				A3CABDF42CF60F9C001BF3C7 /* Sectors_All.json */,
				A3CABDF22CF60F39001BF3C7 /* Sectors_panel.json */,
				A3CABDF02CF60F0C001BF3C7 /* description.json */,
				A3CABDEE2CF60EE6001BF3C7 /* Compare_All.txt */,
				A3CABDEC2CF60E3D001BF3C7 /* marketcap_pe.txt */,
				A3CABDE92CF60E22001BF3C7 /* CompareStock.txt */,
				A3CABDE62CF60E0C001BF3C7 /* CompareETFs.txt */,
				A3CABDE32CF60D66001BF3C7 /* Finance.db */,
				A3BC823B2CF33B4A002E3DCE /* Finance */,
				A3BC824C2CF33B4C002E3DCE /* FinanceTests */,
				A3BC82562CF33B4C002E3DCE /* FinanceUITests */,
				A3EEFC5C2CF59A7C00788F5D /* Frameworks */,
				A3BC823A2CF33B4A002E3DCE /* Products */,
			);
			sourceTree = "<group>";
		};
		A3BC823A2CF33B4A002E3DCE /* Products */ = {
			isa = PBXGroup;
			children = (
				A3BC82392CF33B4A002E3DCE /* Finance.app */,
				A3BC82492CF33B4C002E3DCE /* FinanceTests.xctest */,
				A3BC82532CF33B4C002E3DCE /* FinanceUITests.xctest */,
			);
			name = Products;
			sourceTree = "<group>";
		};
		A3EEFC5C2CF59A7C00788F5D /* Frameworks */ = {
			isa = PBXGroup;
			children = (
			);
			name = Frameworks;
			sourceTree = "<group>";
		};
/* End PBXGroup section */

/* Begin PBXNativeTarget section */
		A3BC82382CF33B4A002E3DCE /* Finance */ = {
			isa = PBXNativeTarget;
			buildConfigurationList = A3BC825D2CF33B4C002E3DCE /* Build configuration list for PBXNativeTarget "Finance" */;
			buildPhases = (
				A3BC82352CF33B4A002E3DCE /* Sources */,
				A3BC82362CF33B4A002E3DCE /* Frameworks */,
				A3BC82372CF33B4A002E3DCE /* Resources */,
			);
			buildRules = (
			);
			dependencies = (
				A3EEFC602CF59B8E00788F5D /* PBXTargetDependency */,
			);
			fileSystemSynchronizedGroups = (
				A3BC823B2CF33B4A002E3DCE /* Finance */,
			);
			name = Finance;
			packageProductDependencies = (
				A3EEFC5D2CF59A7C00788F5D /* DGCharts */,
			);
			productName = Finance;
			productReference = A3BC82392CF33B4A002E3DCE /* Finance.app */;
			productType = "com.apple.product-type.application";
		};
		A3BC82482CF33B4C002E3DCE /* FinanceTests */ = {
			isa = PBXNativeTarget;
			buildConfigurationList = A3BC82602CF33B4C002E3DCE /* Build configuration list for PBXNativeTarget "FinanceTests" */;
			buildPhases = (
				A3BC82452CF33B4C002E3DCE /* Sources */,
				A3BC82462CF33B4C002E3DCE /* Frameworks */,
				A3BC82472CF33B4C002E3DCE /* Resources */,
			);
			buildRules = (
			);
			dependencies = (
				A3BC824B2CF33B4C002E3DCE /* PBXTargetDependency */,
			);
			fileSystemSynchronizedGroups = (
				A3BC824C2CF33B4C002E3DCE /* FinanceTests */,
			);
			name = FinanceTests;
			packageProductDependencies = (
			);
			productName = FinanceTests;
			productReference = A3BC82492CF33B4C002E3DCE /* FinanceTests.xctest */;
			productType = "com.apple.product-type.bundle.unit-test";
		};
		A3BC82522CF33B4C002E3DCE /* FinanceUITests */ = {
			isa = PBXNativeTarget;
			buildConfigurationList = A3BC82632CF33B4C002E3DCE /* Build configuration list for PBXNativeTarget "FinanceUITests" */;
			buildPhases = (
				A3BC824F2CF33B4C002E3DCE /* Sources */,
				A3BC82502CF33B4C002E3DCE /* Frameworks */,
				A3BC82512CF33B4C002E3DCE /* Resources */,
			);
			buildRules = (
			);
			dependencies = (
				A3BC82552CF33B4C002E3DCE /* PBXTargetDependency */,
			);
			fileSystemSynchronizedGroups = (
				A3BC82562CF33B4C002E3DCE /* FinanceUITests */,
			);
			name = FinanceUITests;
			packageProductDependencies = (
			);
			productName = FinanceUITests;
			productReference = A3BC82532CF33B4C002E3DCE /* FinanceUITests.xctest */;
			productType = "com.apple.product-type.bundle.ui-testing";
		};
/* End PBXNativeTarget section */

/* Begin PBXProject section */
		A3BC82312CF33B4A002E3DCE /* Project object */ = {
			isa = PBXProject;
			attributes = {
				BuildIndependentTargetsInParallel = 1;
				LastSwiftUpdateCheck = 1610;
				LastUpgradeCheck = 1610;
				TargetAttributes = {
					A3BC82382CF33B4A002E3DCE = {
						CreatedOnToolsVersion = 16.1;
					};
					A3BC82482CF33B4C002E3DCE = {
						CreatedOnToolsVersion = 16.1;
						TestTargetID = A3BC82382CF33B4A002E3DCE;
					};
					A3BC82522CF33B4C002E3DCE = {
						CreatedOnToolsVersion = 16.1;
						TestTargetID = A3BC82382CF33B4A002E3DCE;
					};
				};
			};
			buildConfigurationList = A3BC82342CF33B4A002E3DCE /* Build configuration list for PBXProject "Finance" */;
			developmentRegion = en;
			hasScannedForEncodings = 0;
			knownRegions = (
				en,
				Base,
			);
			mainGroup = A3BC82302CF33B4A002E3DCE;
			minimizedProjectReferenceProxies = 1;
			packageReferences = (
				A3EC13282CF597D90085F7A7 /* XCRemoteSwiftPackageReference "Charts" */,
			);
			preferredProjectObjectVersion = 77;
			productRefGroup = A3BC823A2CF33B4A002E3DCE /* Products */;
			projectDirPath = "";
			projectRoot = "";
			targets = (
				A3BC82382CF33B4A002E3DCE /* Finance */,
				A3BC82482CF33B4C002E3DCE /* FinanceTests */,
				A3BC82522CF33B4C002E3DCE /* FinanceUITests */,
			);
		};
/* End PBXProject section */

/* Begin PBXResourcesBuildPhase section */
		A3BC82372CF33B4A002E3DCE /* Resources */ = {
			isa = PBXResourcesBuildPhase;
			buildActionMask = 2147483647;
			files = (
				A3CABDF52CF60F9C001BF3C7 /* Sectors_All.json in Resources */,
				A3CABDF32CF60F39001BF3C7 /* Sectors_panel.json in Resources */,
				A3CABDF12CF60F0C001BF3C7 /* description.json in Resources */,
				A3CABDEF2CF60EE6001BF3C7 /* Compare_All.txt in Resources */,
				A3CABDED2CF60E3D001BF3C7 /* marketcap_pe.txt in Resources */,
				A3CABDEA2CF60E22001BF3C7 /* CompareStock.txt in Resources */,
				A3CABDE72CF60E0C001BF3C7 /* CompareETFs.txt in Resources */,
				A3CABDE42CF60D66001BF3C7 /* Finance.db in Resources */,
			);
			runOnlyForDeploymentPostprocessing = 0;
		};
		A3BC82472CF33B4C002E3DCE /* Resources */ = {
			isa = PBXResourcesBuildPhase;
			buildActionMask = 2147483647;
			files = (
			);
			runOnlyForDeploymentPostprocessing = 0;
		};
		A3BC82512CF33B4C002E3DCE /* Resources */ = {
			isa = PBXResourcesBuildPhase;
			buildActionMask = 2147483647;
			files = (
			);
			runOnlyForDeploymentPostprocessing = 0;
		};
/* End PBXResourcesBuildPhase section */

/* Begin PBXSourcesBuildPhase section */
		A3BC82352CF33B4A002E3DCE /* Sources */ = {
			isa = PBXSourcesBuildPhase;
			buildActionMask = 2147483647;
			files = (
			);
			runOnlyForDeploymentPostprocessing = 0;
		};
		A3BC82452CF33B4C002E3DCE /* Sources */ = {
			isa = PBXSourcesBuildPhase;
			buildActionMask = 2147483647;
			files = (
			);
			runOnlyForDeploymentPostprocessing = 0;
		};
		A3BC824F2CF33B4C002E3DCE /* Sources */ = {
			isa = PBXSourcesBuildPhase;
			buildActionMask = 2147483647;
			files = (
			);
			runOnlyForDeploymentPostprocessing = 0;
		};
/* End PBXSourcesBuildPhase section */

/* Begin PBXTargetDependency section */
		A3BC824B2CF33B4C002E3DCE /* PBXTargetDependency */ = {
			isa = PBXTargetDependency;
			target = A3BC82382CF33B4A002E3DCE /* Finance */;
			targetProxy = A3BC824A2CF33B4C002E3DCE /* PBXContainerItemProxy */;
		};
		A3BC82552CF33B4C002E3DCE /* PBXTargetDependency */ = {
			isa = PBXTargetDependency;
			target = A3BC82382CF33B4A002E3DCE /* Finance */;
			targetProxy = A3BC82542CF33B4C002E3DCE /* PBXContainerItemProxy */;
		};
		A3EEFC602CF59B8E00788F5D /* PBXTargetDependency */ = {
			isa = PBXTargetDependency;
			productRef = A3EEFC5F2CF59B8E00788F5D /* DGCharts */;
		};
/* End PBXTargetDependency section */

/* Begin XCBuildConfiguration section */
		A3BC825B2CF33B4C002E3DCE /* Debug */ = {
			isa = XCBuildConfiguration;
			buildSettings = {
				ALWAYS_SEARCH_USER_PATHS = NO;
				ASSETCATALOG_COMPILER_GENERATE_SWIFT_ASSET_SYMBOL_EXTENSIONS = YES;
				CLANG_ANALYZER_NONNULL = YES;
				CLANG_ANALYZER_NUMBER_OBJECT_CONVERSION = YES_AGGRESSIVE;
				CLANG_CXX_LANGUAGE_STANDARD = "gnu++20";
				CLANG_ENABLE_MODULES = YES;
				CLANG_ENABLE_OBJC_ARC = YES;
				CLANG_ENABLE_OBJC_WEAK = YES;
				CLANG_WARN_BLOCK_CAPTURE_AUTORELEASING = YES;
				CLANG_WARN_BOOL_CONVERSION = YES;
				CLANG_WARN_COMMA = YES;
				CLANG_WARN_CONSTANT_CONVERSION = YES;
				CLANG_WARN_DEPRECATED_OBJC_IMPLEMENTATIONS = YES;
				CLANG_WARN_DIRECT_OBJC_ISA_USAGE = YES_ERROR;
				CLANG_WARN_DOCUMENTATION_COMMENTS = YES;
				CLANG_WARN_EMPTY_BODY = YES;
				CLANG_WARN_ENUM_CONVERSION = YES;
				CLANG_WARN_INFINITE_RECURSION = YES;
				CLANG_WARN_INT_CONVERSION = YES;
				CLANG_WARN_NON_LITERAL_NULL_CONVERSION = YES;
				CLANG_WARN_OBJC_IMPLICIT_RETAIN_SELF = YES;
				CLANG_WARN_OBJC_LITERAL_CONVERSION = YES;
				CLANG_WARN_OBJC_ROOT_CLASS = YES_ERROR;
				CLANG_WARN_QUOTED_INCLUDE_IN_FRAMEWORK_HEADER = YES;
				CLANG_WARN_RANGE_LOOP_ANALYSIS = YES;
				CLANG_WARN_STRICT_PROTOTYPES = YES;
				CLANG_WARN_SUSPICIOUS_MOVE = YES;
				CLANG_WARN_UNGUARDED_AVAILABILITY = YES_AGGRESSIVE;
				CLANG_WARN_UNREACHABLE_CODE = YES;
				CLANG_WARN__DUPLICATE_METHOD_MATCH = YES;
				COPY_PHASE_STRIP = NO;
				DEBUG_INFORMATION_FORMAT = dwarf;
				ENABLE_STRICT_OBJC_MSGSEND = YES;
				ENABLE_TESTABILITY = YES;
				ENABLE_USER_SCRIPT_SANDBOXING = YES;
				GCC_C_LANGUAGE_STANDARD = gnu17;
				GCC_DYNAMIC_NO_PIC = NO;
				GCC_NO_COMMON_BLOCKS = YES;
				GCC_OPTIMIZATION_LEVEL = 0;
				GCC_PREPROCESSOR_DEFINITIONS = (
					"DEBUG=1",
					"$(inherited)",
				);
				GCC_WARN_64_TO_32_BIT_CONVERSION = YES;
				GCC_WARN_ABOUT_RETURN_TYPE = YES_ERROR;
				GCC_WARN_UNDECLARED_SELECTOR = YES;
				GCC_WARN_UNINITIALIZED_AUTOS = YES_AGGRESSIVE;
				GCC_WARN_UNUSED_FUNCTION = YES;
				GCC_WARN_UNUSED_VARIABLE = YES;
				IPHONEOS_DEPLOYMENT_TARGET = 18.1;
				LOCALIZATION_PREFERS_STRING_CATALOGS = YES;
				MTL_ENABLE_DEBUG_INFO = INCLUDE_SOURCE;
				MTL_FAST_MATH = YES;
				ONLY_ACTIVE_ARCH = YES;
				SDKROOT = iphoneos;
				SWIFT_ACTIVE_COMPILATION_CONDITIONS = "DEBUG $(inherited)";
				SWIFT_OPTIMIZATION_LEVEL = "-Onone";
			};
			name = Debug;
		};
		A3BC825C2CF33B4C002E3DCE /* Release */ = {
			isa = XCBuildConfiguration;
			buildSettings = {
				ALWAYS_SEARCH_USER_PATHS = NO;
				ASSETCATALOG_COMPILER_GENERATE_SWIFT_ASSET_SYMBOL_EXTENSIONS = YES;
				CLANG_ANALYZER_NONNULL = YES;
				CLANG_ANALYZER_NUMBER_OBJECT_CONVERSION = YES_AGGRESSIVE;
				CLANG_CXX_LANGUAGE_STANDARD = "gnu++20";
				CLANG_ENABLE_MODULES = YES;
				CLANG_ENABLE_OBJC_ARC = YES;
				CLANG_ENABLE_OBJC_WEAK = YES;
				CLANG_WARN_BLOCK_CAPTURE_AUTORELEASING = YES;
				CLANG_WARN_BOOL_CONVERSION = YES;
				CLANG_WARN_COMMA = YES;
				CLANG_WARN_CONSTANT_CONVERSION = YES;
				CLANG_WARN_DEPRECATED_OBJC_IMPLEMENTATIONS = YES;
				CLANG_WARN_DIRECT_OBJC_ISA_USAGE = YES_ERROR;
				CLANG_WARN_DOCUMENTATION_COMMENTS = YES;
				CLANG_WARN_EMPTY_BODY = YES;
				CLANG_WARN_ENUM_CONVERSION = YES;
				CLANG_WARN_INFINITE_RECURSION = YES;
				CLANG_WARN_INT_CONVERSION = YES;
				CLANG_WARN_NON_LITERAL_NULL_CONVERSION = YES;
				CLANG_WARN_OBJC_IMPLICIT_RETAIN_SELF = YES;
				CLANG_WARN_OBJC_LITERAL_CONVERSION = YES;
				CLANG_WARN_OBJC_ROOT_CLASS = YES_ERROR;
				CLANG_WARN_QUOTED_INCLUDE_IN_FRAMEWORK_HEADER = YES;
				CLANG_WARN_RANGE_LOOP_ANALYSIS = YES;
				CLANG_WARN_STRICT_PROTOTYPES = YES;
				CLANG_WARN_SUSPICIOUS_MOVE = YES;
				CLANG_WARN_UNGUARDED_AVAILABILITY = YES_AGGRESSIVE;
				CLANG_WARN_UNREACHABLE_CODE = YES;
				CLANG_WARN__DUPLICATE_METHOD_MATCH = YES;
				COPY_PHASE_STRIP = NO;
				DEBUG_INFORMATION_FORMAT = "dwarf-with-dsym";
				ENABLE_NS_ASSERTIONS = NO;
				ENABLE_STRICT_OBJC_MSGSEND = YES;
				ENABLE_USER_SCRIPT_SANDBOXING = YES;
				GCC_C_LANGUAGE_STANDARD = gnu17;
				GCC_NO_COMMON_BLOCKS = YES;
				GCC_WARN_64_TO_32_BIT_CONVERSION = YES;
				GCC_WARN_ABOUT_RETURN_TYPE = YES_ERROR;
				GCC_WARN_UNDECLARED_SELECTOR = YES;
				GCC_WARN_UNINITIALIZED_AUTOS = YES_AGGRESSIVE;
				GCC_WARN_UNUSED_FUNCTION = YES;
				GCC_WARN_UNUSED_VARIABLE = YES;
				IPHONEOS_DEPLOYMENT_TARGET = 18.1;
				LOCALIZATION_PREFERS_STRING_CATALOGS = YES;
				MTL_ENABLE_DEBUG_INFO = NO;
				MTL_FAST_MATH = YES;
				SDKROOT = iphoneos;
				SWIFT_COMPILATION_MODE = wholemodule;
				VALIDATE_PRODUCT = YES;
			};
			name = Release;
		};
		A3BC825E2CF33B4C002E3DCE /* Debug */ = {
			isa = XCBuildConfiguration;
			buildSettings = {
				ASSETCATALOG_COMPILER_APPICON_NAME = AppIcon;
				ASSETCATALOG_COMPILER_GLOBAL_ACCENT_COLOR_NAME = AccentColor;
				CODE_SIGN_STYLE = Automatic;
				CURRENT_PROJECT_VERSION = 1;
				DEVELOPMENT_ASSET_PATHS = "\"Finance/Preview Content\"";
				DEVELOPMENT_TEAM = X9B2ZJZ4H7;
				ENABLE_PREVIEWS = YES;
				GENERATE_INFOPLIST_FILE = YES;
				INFOPLIST_KEY_UIApplicationSceneManifest_Generation = YES;
				INFOPLIST_KEY_UIApplicationSupportsIndirectInputEvents = YES;
				INFOPLIST_KEY_UILaunchScreen_Generation = YES;
				INFOPLIST_KEY_UISupportedInterfaceOrientations_iPad = "UIInterfaceOrientationPortrait UIInterfaceOrientationPortraitUpsideDown UIInterfaceOrientationLandscapeLeft UIInterfaceOrientationLandscapeRight";
				INFOPLIST_KEY_UISupportedInterfaceOrientations_iPhone = "UIInterfaceOrientationPortrait UIInterfaceOrientationLandscapeLeft UIInterfaceOrientationLandscapeRight";
				IPHONEOS_DEPLOYMENT_TARGET = 18.0;
				LD_RUNPATH_SEARCH_PATHS = (
					"$(inherited)",
					"@executable_path/Frameworks",
				);
				MARKETING_VERSION = 1.0;
				PRODUCT_BUNDLE_IDENTIFIER = zhangyan.Finance;
				PRODUCT_NAME = "$(TARGET_NAME)";
				SWIFT_EMIT_LOC_STRINGS = YES;
				SWIFT_VERSION = 5.0;
				TARGETED_DEVICE_FAMILY = "1,2";
			};
			name = Debug;
		};
		A3BC825F2CF33B4C002E3DCE /* Release */ = {
			isa = XCBuildConfiguration;
			buildSettings = {
				ASSETCATALOG_COMPILER_APPICON_NAME = AppIcon;
				ASSETCATALOG_COMPILER_GLOBAL_ACCENT_COLOR_NAME = AccentColor;
				CODE_SIGN_STYLE = Automatic;
				CURRENT_PROJECT_VERSION = 1;
				DEVELOPMENT_ASSET_PATHS = "\"Finance/Preview Content\"";
				DEVELOPMENT_TEAM = X9B2ZJZ4H7;
				ENABLE_PREVIEWS = YES;
				GENERATE_INFOPLIST_FILE = YES;
				INFOPLIST_KEY_UIApplicationSceneManifest_Generation = YES;
				INFOPLIST_KEY_UIApplicationSupportsIndirectInputEvents = YES;
				INFOPLIST_KEY_UILaunchScreen_Generation = YES;
				INFOPLIST_KEY_UISupportedInterfaceOrientations_iPad = "UIInterfaceOrientationPortrait UIInterfaceOrientationPortraitUpsideDown UIInterfaceOrientationLandscapeLeft UIInterfaceOrientationLandscapeRight";
				INFOPLIST_KEY_UISupportedInterfaceOrientations_iPhone = "UIInterfaceOrientationPortrait UIInterfaceOrientationLandscapeLeft UIInterfaceOrientationLandscapeRight";
				IPHONEOS_DEPLOYMENT_TARGET = 18.0;
				LD_RUNPATH_SEARCH_PATHS = (
					"$(inherited)",
					"@executable_path/Frameworks",
				);
				MARKETING_VERSION = 1.0;
				PRODUCT_BUNDLE_IDENTIFIER = zhangyan.Finance;
				PRODUCT_NAME = "$(TARGET_NAME)";
				SWIFT_EMIT_LOC_STRINGS = YES;
				SWIFT_VERSION = 5.0;
				TARGETED_DEVICE_FAMILY = "1,2";
			};
			name = Release;
		};
		A3BC82612CF33B4C002E3DCE /* Debug */ = {
			isa = XCBuildConfiguration;
			buildSettings = {
				BUNDLE_LOADER = "$(TEST_HOST)";
				CODE_SIGN_STYLE = Automatic;
				CURRENT_PROJECT_VERSION = 1;
				GENERATE_INFOPLIST_FILE = YES;
				IPHONEOS_DEPLOYMENT_TARGET = 18.1;
				MARKETING_VERSION = 1.0;
				PRODUCT_BUNDLE_IDENTIFIER = zhangyan.FinanceTests;
				PRODUCT_NAME = "$(TARGET_NAME)";
				SWIFT_EMIT_LOC_STRINGS = NO;
				SWIFT_VERSION = 5.0;
				TARGETED_DEVICE_FAMILY = "1,2";
				TEST_HOST = "$(BUILT_PRODUCTS_DIR)/Finance.app/$(BUNDLE_EXECUTABLE_FOLDER_PATH)/Finance";
			};
			name = Debug;
		};
		A3BC82622CF33B4C002E3DCE /* Release */ = {
			isa = XCBuildConfiguration;
			buildSettings = {
				BUNDLE_LOADER = "$(TEST_HOST)";
				CODE_SIGN_STYLE = Automatic;
				CURRENT_PROJECT_VERSION = 1;
				GENERATE_INFOPLIST_FILE = YES;
				IPHONEOS_DEPLOYMENT_TARGET = 18.1;
				MARKETING_VERSION = 1.0;
				PRODUCT_BUNDLE_IDENTIFIER = zhangyan.FinanceTests;
				PRODUCT_NAME = "$(TARGET_NAME)";
				SWIFT_EMIT_LOC_STRINGS = NO;
				SWIFT_VERSION = 5.0;
				TARGETED_DEVICE_FAMILY = "1,2";
				TEST_HOST = "$(BUILT_PRODUCTS_DIR)/Finance.app/$(BUNDLE_EXECUTABLE_FOLDER_PATH)/Finance";
			};
			name = Release;
		};
		A3BC82642CF33B4C002E3DCE /* Debug */ = {
			isa = XCBuildConfiguration;
			buildSettings = {
				CODE_SIGN_STYLE = Automatic;
				CURRENT_PROJECT_VERSION = 1;
				GENERATE_INFOPLIST_FILE = YES;
				MARKETING_VERSION = 1.0;
				PRODUCT_BUNDLE_IDENTIFIER = zhangyan.FinanceUITests;
				PRODUCT_NAME = "$(TARGET_NAME)";
				SWIFT_EMIT_LOC_STRINGS = NO;
				SWIFT_VERSION = 5.0;
				TARGETED_DEVICE_FAMILY = "1,2";
				TEST_TARGET_NAME = Finance;
			};
			name = Debug;
		};
		A3BC82652CF33B4C002E3DCE /* Release */ = {
			isa = XCBuildConfiguration;
			buildSettings = {
				CODE_SIGN_STYLE = Automatic;
				CURRENT_PROJECT_VERSION = 1;
				GENERATE_INFOPLIST_FILE = YES;
				MARKETING_VERSION = 1.0;
				PRODUCT_BUNDLE_IDENTIFIER = zhangyan.FinanceUITests;
				PRODUCT_NAME = "$(TARGET_NAME)";
				SWIFT_EMIT_LOC_STRINGS = NO;
				SWIFT_VERSION = 5.0;
				TARGETED_DEVICE_FAMILY = "1,2";
				TEST_TARGET_NAME = Finance;
			};
			name = Release;
		};
/* End XCBuildConfiguration section */

/* Begin XCConfigurationList section */
		A3BC82342CF33B4A002E3DCE /* Build configuration list for PBXProject "Finance" */ = {
			isa = XCConfigurationList;
			buildConfigurations = (
				A3BC825B2CF33B4C002E3DCE /* Debug */,
				A3BC825C2CF33B4C002E3DCE /* Release */,
			);
			defaultConfigurationIsVisible = 0;
			defaultConfigurationName = Release;
		};
		A3BC825D2CF33B4C002E3DCE /* Build configuration list for PBXNativeTarget "Finance" */ = {
			isa = XCConfigurationList;
			buildConfigurations = (
				A3BC825E2CF33B4C002E3DCE /* Debug */,
				A3BC825F2CF33B4C002E3DCE /* Release */,
			);
			defaultConfigurationIsVisible = 0;
			defaultConfigurationName = Release;
		};
		A3BC82602CF33B4C002E3DCE /* Build configuration list for PBXNativeTarget "FinanceTests" */ = {
			isa = XCConfigurationList;
			buildConfigurations = (
				A3BC82612CF33B4C002E3DCE /* Debug */,
				A3BC82622CF33B4C002E3DCE /* Release */,
			);
			defaultConfigurationIsVisible = 0;
			defaultConfigurationName = Release;
		};
		A3BC82632CF33B4C002E3DCE /* Build configuration list for PBXNativeTarget "FinanceUITests" */ = {
			isa = XCConfigurationList;
			buildConfigurations = (
				A3BC82642CF33B4C002E3DCE /* Debug */,
				A3BC82652CF33B4C002E3DCE /* Release */,
			);
			defaultConfigurationIsVisible = 0;
			defaultConfigurationName = Release;
		};
/* End XCConfigurationList section */

/* Begin XCRemoteSwiftPackageReference section */
		A3EC13282CF597D90085F7A7 /* XCRemoteSwiftPackageReference "Charts" */ = {
			isa = XCRemoteSwiftPackageReference;
			repositoryURL = "https://github.com/danielgindi/Charts.git";
			requirement = {
				kind = upToNextMajorVersion;
				minimumVersion = 5.1.0;
			};
		};
/* End XCRemoteSwiftPackageReference section */

/* Begin XCSwiftPackageProductDependency section */
		A3EEFC5D2CF59A7C00788F5D /* DGCharts */ = {
			isa = XCSwiftPackageProductDependency;
			package = A3EC13282CF597D90085F7A7 /* XCRemoteSwiftPackageReference "Charts" */;
			productName = DGCharts;
		};
		A3EEFC5F2CF59B8E00788F5D /* DGCharts */ = {
			isa = XCSwiftPackageProductDependency;
			package = A3EC13282CF597D90085F7A7 /* XCRemoteSwiftPackageReference "Charts" */;
			productName = DGCharts;
		};
/* End XCSwiftPackageProductDependency section */
	};
	rootObject = A3BC82312CF33B4A002E3DCE /* Project object */;
}
