// !$*UTF8*$!
{
	archiveVersion = 1;
	classes = {
	};
	objectVersion = 77;
	objects = {

/* Begin PBXBuildFile section */
		A3B0A5A42DDED66000112373 /* Password.json in Resources */ = {isa = PBXBuildFile; fileRef = A3B0A5A32DDED66000112373 /* Password.json */; };
		A3B0A5A62DDEDD2F00112373 /* Firstrade.db in Resources */ = {isa = PBXBuildFile; fileRef = A3B0A5A52DDEDD2F00112373 /* Firstrade.db */; };
/* End PBXBuildFile section */

/* Begin PBXContainerItemProxy section */
		A3B0A5842DDED5C600112373 /* PBXContainerItemProxy */ = {
			isa = PBXContainerItemProxy;
			containerPortal = A3B0A56E2DDED5C500112373 /* Project object */;
			proxyType = 1;
			remoteGlobalIDString = A3B0A5752DDED5C500112373;
			remoteInfo = Firstrade;
		};
		A3B0A58E2DDED5C600112373 /* PBXContainerItemProxy */ = {
			isa = PBXContainerItemProxy;
			containerPortal = A3B0A56E2DDED5C500112373 /* Project object */;
			proxyType = 1;
			remoteGlobalIDString = A3B0A5752DDED5C500112373;
			remoteInfo = Firstrade;
		};
/* End PBXContainerItemProxy section */

/* Begin PBXFileReference section */
		A3B0A5762DDED5C500112373 /* Firstrade.app */ = {isa = PBXFileReference; explicitFileType = wrapper.application; includeInIndex = 0; path = Firstrade.app; sourceTree = BUILT_PRODUCTS_DIR; };
		A3B0A5832DDED5C600112373 /* FirstradeTests.xctest */ = {isa = PBXFileReference; explicitFileType = wrapper.cfbundle; includeInIndex = 0; path = FirstradeTests.xctest; sourceTree = BUILT_PRODUCTS_DIR; };
		A3B0A58D2DDED5C600112373 /* FirstradeUITests.xctest */ = {isa = PBXFileReference; explicitFileType = wrapper.cfbundle; includeInIndex = 0; path = FirstradeUITests.xctest; sourceTree = BUILT_PRODUCTS_DIR; };
		A3B0A5A32DDED66000112373 /* Password.json */ = {isa = PBXFileReference; lastKnownFileType = text.json; name = Password.json; path = ../../Financial_System/Modules/Password.json; sourceTree = "<group>"; };
		A3B0A5A52DDEDD2F00112373 /* Firstrade.db */ = {isa = PBXFileReference; lastKnownFileType = file; name = Firstrade.db; path = ../../Database/Firstrade.db; sourceTree = "<group>"; };
/* End PBXFileReference section */

/* Begin PBXFileSystemSynchronizedRootGroup section */
		A3B0A5782DDED5C500112373 /* Firstrade */ = {
			isa = PBXFileSystemSynchronizedRootGroup;
			path = Firstrade;
			sourceTree = "<group>";
		};
		A3B0A5862DDED5C600112373 /* FirstradeTests */ = {
			isa = PBXFileSystemSynchronizedRootGroup;
			path = FirstradeTests;
			sourceTree = "<group>";
		};
		A3B0A5902DDED5C600112373 /* FirstradeUITests */ = {
			isa = PBXFileSystemSynchronizedRootGroup;
			path = FirstradeUITests;
			sourceTree = "<group>";
		};
/* End PBXFileSystemSynchronizedRootGroup section */

/* Begin PBXFrameworksBuildPhase section */
		A3B0A5732DDED5C500112373 /* Frameworks */ = {
			isa = PBXFrameworksBuildPhase;
			buildActionMask = 2147483647;
			files = (
			);
			runOnlyForDeploymentPostprocessing = 0;
		};
		A3B0A5802DDED5C600112373 /* Frameworks */ = {
			isa = PBXFrameworksBuildPhase;
			buildActionMask = 2147483647;
			files = (
			);
			runOnlyForDeploymentPostprocessing = 0;
		};
		A3B0A58A2DDED5C600112373 /* Frameworks */ = {
			isa = PBXFrameworksBuildPhase;
			buildActionMask = 2147483647;
			files = (
			);
			runOnlyForDeploymentPostprocessing = 0;
		};
/* End PBXFrameworksBuildPhase section */

/* Begin PBXGroup section */
		A3B0A56D2DDED5C500112373 = {
			isa = PBXGroup;
			children = (
				A3B0A5A52DDEDD2F00112373 /* Firstrade.db */,
				A3B0A5A32DDED66000112373 /* Password.json */,
				A3B0A5782DDED5C500112373 /* Firstrade */,
				A3B0A5862DDED5C600112373 /* FirstradeTests */,
				A3B0A5902DDED5C600112373 /* FirstradeUITests */,
				A3B0A5772DDED5C500112373 /* Products */,
			);
			sourceTree = "<group>";
		};
		A3B0A5772DDED5C500112373 /* Products */ = {
			isa = PBXGroup;
			children = (
				A3B0A5762DDED5C500112373 /* Firstrade.app */,
				A3B0A5832DDED5C600112373 /* FirstradeTests.xctest */,
				A3B0A58D2DDED5C600112373 /* FirstradeUITests.xctest */,
			);
			name = Products;
			sourceTree = "<group>";
		};
/* End PBXGroup section */

/* Begin PBXNativeTarget section */
		A3B0A5752DDED5C500112373 /* Firstrade */ = {
			isa = PBXNativeTarget;
			buildConfigurationList = A3B0A5972DDED5C600112373 /* Build configuration list for PBXNativeTarget "Firstrade" */;
			buildPhases = (
				A3B0A5722DDED5C500112373 /* Sources */,
				A3B0A5732DDED5C500112373 /* Frameworks */,
				A3B0A5742DDED5C500112373 /* Resources */,
			);
			buildRules = (
			);
			dependencies = (
			);
			fileSystemSynchronizedGroups = (
				A3B0A5782DDED5C500112373 /* Firstrade */,
			);
			name = Firstrade;
			packageProductDependencies = (
			);
			productName = Firstrade;
			productReference = A3B0A5762DDED5C500112373 /* Firstrade.app */;
			productType = "com.apple.product-type.application";
		};
		A3B0A5822DDED5C600112373 /* FirstradeTests */ = {
			isa = PBXNativeTarget;
			buildConfigurationList = A3B0A59A2DDED5C600112373 /* Build configuration list for PBXNativeTarget "FirstradeTests" */;
			buildPhases = (
				A3B0A57F2DDED5C600112373 /* Sources */,
				A3B0A5802DDED5C600112373 /* Frameworks */,
				A3B0A5812DDED5C600112373 /* Resources */,
			);
			buildRules = (
			);
			dependencies = (
				A3B0A5852DDED5C600112373 /* PBXTargetDependency */,
			);
			fileSystemSynchronizedGroups = (
				A3B0A5862DDED5C600112373 /* FirstradeTests */,
			);
			name = FirstradeTests;
			packageProductDependencies = (
			);
			productName = FirstradeTests;
			productReference = A3B0A5832DDED5C600112373 /* FirstradeTests.xctest */;
			productType = "com.apple.product-type.bundle.unit-test";
		};
		A3B0A58C2DDED5C600112373 /* FirstradeUITests */ = {
			isa = PBXNativeTarget;
			buildConfigurationList = A3B0A59D2DDED5C600112373 /* Build configuration list for PBXNativeTarget "FirstradeUITests" */;
			buildPhases = (
				A3B0A5892DDED5C600112373 /* Sources */,
				A3B0A58A2DDED5C600112373 /* Frameworks */,
				A3B0A58B2DDED5C600112373 /* Resources */,
			);
			buildRules = (
			);
			dependencies = (
				A3B0A58F2DDED5C600112373 /* PBXTargetDependency */,
			);
			fileSystemSynchronizedGroups = (
				A3B0A5902DDED5C600112373 /* FirstradeUITests */,
			);
			name = FirstradeUITests;
			packageProductDependencies = (
			);
			productName = FirstradeUITests;
			productReference = A3B0A58D2DDED5C600112373 /* FirstradeUITests.xctest */;
			productType = "com.apple.product-type.bundle.ui-testing";
		};
/* End PBXNativeTarget section */

/* Begin PBXProject section */
		A3B0A56E2DDED5C500112373 /* Project object */ = {
			isa = PBXProject;
			attributes = {
				BuildIndependentTargetsInParallel = 1;
				LastSwiftUpdateCheck = 1630;
				LastUpgradeCheck = 1630;
				TargetAttributes = {
					A3B0A5752DDED5C500112373 = {
						CreatedOnToolsVersion = 16.3;
					};
					A3B0A5822DDED5C600112373 = {
						CreatedOnToolsVersion = 16.3;
						TestTargetID = A3B0A5752DDED5C500112373;
					};
					A3B0A58C2DDED5C600112373 = {
						CreatedOnToolsVersion = 16.3;
						TestTargetID = A3B0A5752DDED5C500112373;
					};
				};
			};
			buildConfigurationList = A3B0A5712DDED5C500112373 /* Build configuration list for PBXProject "Firstrade" */;
			developmentRegion = en;
			hasScannedForEncodings = 0;
			knownRegions = (
				en,
				Base,
			);
			mainGroup = A3B0A56D2DDED5C500112373;
			minimizedProjectReferenceProxies = 1;
			packageReferences = (
			);
			preferredProjectObjectVersion = 77;
			productRefGroup = A3B0A5772DDED5C500112373 /* Products */;
			projectDirPath = "";
			projectRoot = "";
			targets = (
				A3B0A5752DDED5C500112373 /* Firstrade */,
				A3B0A5822DDED5C600112373 /* FirstradeTests */,
				A3B0A58C2DDED5C600112373 /* FirstradeUITests */,
			);
		};
/* End PBXProject section */

/* Begin PBXResourcesBuildPhase section */
		A3B0A5742DDED5C500112373 /* Resources */ = {
			isa = PBXResourcesBuildPhase;
			buildActionMask = 2147483647;
			files = (
				A3B0A5A62DDEDD2F00112373 /* Firstrade.db in Resources */,
				A3B0A5A42DDED66000112373 /* Password.json in Resources */,
			);
			runOnlyForDeploymentPostprocessing = 0;
		};
		A3B0A5812DDED5C600112373 /* Resources */ = {
			isa = PBXResourcesBuildPhase;
			buildActionMask = 2147483647;
			files = (
			);
			runOnlyForDeploymentPostprocessing = 0;
		};
		A3B0A58B2DDED5C600112373 /* Resources */ = {
			isa = PBXResourcesBuildPhase;
			buildActionMask = 2147483647;
			files = (
			);
			runOnlyForDeploymentPostprocessing = 0;
		};
/* End PBXResourcesBuildPhase section */

/* Begin PBXSourcesBuildPhase section */
		A3B0A5722DDED5C500112373 /* Sources */ = {
			isa = PBXSourcesBuildPhase;
			buildActionMask = 2147483647;
			files = (
			);
			runOnlyForDeploymentPostprocessing = 0;
		};
		A3B0A57F2DDED5C600112373 /* Sources */ = {
			isa = PBXSourcesBuildPhase;
			buildActionMask = 2147483647;
			files = (
			);
			runOnlyForDeploymentPostprocessing = 0;
		};
		A3B0A5892DDED5C600112373 /* Sources */ = {
			isa = PBXSourcesBuildPhase;
			buildActionMask = 2147483647;
			files = (
			);
			runOnlyForDeploymentPostprocessing = 0;
		};
/* End PBXSourcesBuildPhase section */

/* Begin PBXTargetDependency section */
		A3B0A5852DDED5C600112373 /* PBXTargetDependency */ = {
			isa = PBXTargetDependency;
			target = A3B0A5752DDED5C500112373 /* Firstrade */;
			targetProxy = A3B0A5842DDED5C600112373 /* PBXContainerItemProxy */;
		};
		A3B0A58F2DDED5C600112373 /* PBXTargetDependency */ = {
			isa = PBXTargetDependency;
			target = A3B0A5752DDED5C500112373 /* Firstrade */;
			targetProxy = A3B0A58E2DDED5C600112373 /* PBXContainerItemProxy */;
		};
/* End PBXTargetDependency section */

/* Begin XCBuildConfiguration section */
		A3B0A5952DDED5C600112373 /* Debug */ = {
			isa = XCBuildConfiguration;
			buildSettings = {
				ALWAYS_SEARCH_USER_PATHS = NO;
				ASSETCATALOG_COMPILER_GENERATE_SWIFT_ASSET_SYMBOL_EXTENSIONS = YES;
				CLANG_ANALYZER_NONNULL = YES;
				CLANG_ANALYZER_NUMBER_OBJECT_CONVERSION = YES_AGGRESSIVE;
				CLANG_CXX_LANGUAGE_STANDARD = "gnu++20";
				CLANG_ENABLE_MODULES = YES;
				CLANG_ENABLE_OBJC_ARC = YES;
				CLANG_ENABLE_OBJC_WEAK = YES;
				CLANG_WARN_BLOCK_CAPTURE_AUTORELEASING = YES;
				CLANG_WARN_BOOL_CONVERSION = YES;
				CLANG_WARN_COMMA = YES;
				CLANG_WARN_CONSTANT_CONVERSION = YES;
				CLANG_WARN_DEPRECATED_OBJC_IMPLEMENTATIONS = YES;
				CLANG_WARN_DIRECT_OBJC_ISA_USAGE = YES_ERROR;
				CLANG_WARN_DOCUMENTATION_COMMENTS = YES;
				CLANG_WARN_EMPTY_BODY = YES;
				CLANG_WARN_ENUM_CONVERSION = YES;
				CLANG_WARN_INFINITE_RECURSION = YES;
				CLANG_WARN_INT_CONVERSION = YES;
				CLANG_WARN_NON_LITERAL_NULL_CONVERSION = YES;
				CLANG_WARN_OBJC_IMPLICIT_RETAIN_SELF = YES;
				CLANG_WARN_OBJC_LITERAL_CONVERSION = YES;
				CLANG_WARN_OBJC_ROOT_CLASS = YES_ERROR;
				CLANG_WARN_QUOTED_INCLUDE_IN_FRAMEWORK_HEADER = YES;
				CLANG_WARN_RANGE_LOOP_ANALYSIS = YES;
				CLANG_WARN_STRICT_PROTOTYPES = YES;
				CLANG_WARN_SUSPICIOUS_MOVE = YES;
				CLANG_WARN_UNGUARDED_AVAILABILITY = YES_AGGRESSIVE;
				CLANG_WARN_UNREACHABLE_CODE = YES;
				CLANG_WARN__DUPLICATE_METHOD_MATCH = YES;
				COPY_PHASE_STRIP = NO;
				DEBUG_INFORMATION_FORMAT = dwarf;
				DEVELOPMENT_TEAM = X9B2ZJZ4H7;
				ENABLE_STRICT_OBJC_MSGSEND = YES;
				ENABLE_TESTABILITY = YES;
				ENABLE_USER_SCRIPT_SANDBOXING = YES;
				GCC_C_LANGUAGE_STANDARD = gnu17;
				GCC_DYNAMIC_NO_PIC = NO;
				GCC_NO_COMMON_BLOCKS = YES;
				GCC_OPTIMIZATION_LEVEL = 0;
				GCC_PREPROCESSOR_DEFINITIONS = (
					"DEBUG=1",
					"$(inherited)",
				);
				GCC_WARN_64_TO_32_BIT_CONVERSION = YES;
				GCC_WARN_ABOUT_RETURN_TYPE = YES_ERROR;
				GCC_WARN_UNDECLARED_SELECTOR = YES;
				GCC_WARN_UNINITIALIZED_AUTOS = YES_AGGRESSIVE;
				GCC_WARN_UNUSED_FUNCTION = YES;
				GCC_WARN_UNUSED_VARIABLE = YES;
				IPHONEOS_DEPLOYMENT_TARGET = 18.4;
				LOCALIZATION_PREFERS_STRING_CATALOGS = YES;
				MTL_ENABLE_DEBUG_INFO = INCLUDE_SOURCE;
				MTL_FAST_MATH = YES;
				ONLY_ACTIVE_ARCH = YES;
				SDKROOT = iphoneos;
				SWIFT_ACTIVE_COMPILATION_CONDITIONS = "DEBUG $(inherited)";
				SWIFT_OPTIMIZATION_LEVEL = "-Onone";
			};
			name = Debug;
		};
		A3B0A5962DDED5C600112373 /* Release */ = {
			isa = XCBuildConfiguration;
			buildSettings = {
				ALWAYS_SEARCH_USER_PATHS = NO;
				ASSETCATALOG_COMPILER_GENERATE_SWIFT_ASSET_SYMBOL_EXTENSIONS = YES;
				CLANG_ANALYZER_NONNULL = YES;
				CLANG_ANALYZER_NUMBER_OBJECT_CONVERSION = YES_AGGRESSIVE;
				CLANG_CXX_LANGUAGE_STANDARD = "gnu++20";
				CLANG_ENABLE_MODULES = YES;
				CLANG_ENABLE_OBJC_ARC = YES;
				CLANG_ENABLE_OBJC_WEAK = YES;
				CLANG_WARN_BLOCK_CAPTURE_AUTORELEASING = YES;
				CLANG_WARN_BOOL_CONVERSION = YES;
				CLANG_WARN_COMMA = YES;
				CLANG_WARN_CONSTANT_CONVERSION = YES;
				CLANG_WARN_DEPRECATED_OBJC_IMPLEMENTATIONS = YES;
				CLANG_WARN_DIRECT_OBJC_ISA_USAGE = YES_ERROR;
				CLANG_WARN_DOCUMENTATION_COMMENTS = YES;
				CLANG_WARN_EMPTY_BODY = YES;
				CLANG_WARN_ENUM_CONVERSION = YES;
				CLANG_WARN_INFINITE_RECURSION = YES;
				CLANG_WARN_INT_CONVERSION = YES;
				CLANG_WARN_NON_LITERAL_NULL_CONVERSION = YES;
				CLANG_WARN_OBJC_IMPLICIT_RETAIN_SELF = YES;
				CLANG_WARN_OBJC_LITERAL_CONVERSION = YES;
				CLANG_WARN_OBJC_ROOT_CLASS = YES_ERROR;
				CLANG_WARN_QUOTED_INCLUDE_IN_FRAMEWORK_HEADER = YES;
				CLANG_WARN_RANGE_LOOP_ANALYSIS = YES;
				CLANG_WARN_STRICT_PROTOTYPES = YES;
				CLANG_WARN_SUSPICIOUS_MOVE = YES;
				CLANG_WARN_UNGUARDED_AVAILABILITY = YES_AGGRESSIVE;
				CLANG_WARN_UNREACHABLE_CODE = YES;
				CLANG_WARN__DUPLICATE_METHOD_MATCH = YES;
				COPY_PHASE_STRIP = NO;
				DEBUG_INFORMATION_FORMAT = "dwarf-with-dsym";
				DEVELOPMENT_TEAM = X9B2ZJZ4H7;
				ENABLE_NS_ASSERTIONS = NO;
				ENABLE_STRICT_OBJC_MSGSEND = YES;
				ENABLE_USER_SCRIPT_SANDBOXING = YES;
				GCC_C_LANGUAGE_STANDARD = gnu17;
				GCC_NO_COMMON_BLOCKS = YES;
				GCC_WARN_64_TO_32_BIT_CONVERSION = YES;
				GCC_WARN_ABOUT_RETURN_TYPE = YES_ERROR;
				GCC_WARN_UNDECLARED_SELECTOR = YES;
				GCC_WARN_UNINITIALIZED_AUTOS = YES_AGGRESSIVE;
				GCC_WARN_UNUSED_FUNCTION = YES;
				GCC_WARN_UNUSED_VARIABLE = YES;
				IPHONEOS_DEPLOYMENT_TARGET = 18.4;
				LOCALIZATION_PREFERS_STRING_CATALOGS = YES;
				MTL_ENABLE_DEBUG_INFO = NO;
				MTL_FAST_MATH = YES;
				SDKROOT = iphoneos;
				SWIFT_COMPILATION_MODE = wholemodule;
				VALIDATE_PRODUCT = YES;
			};
			name = Release;
		};
		A3B0A5982DDED5C600112373 /* Debug */ = {
			isa = XCBuildConfiguration;
			buildSettings = {
				ASSETCATALOG_COMPILER_APPICON_NAME = AppIcon;
				ASSETCATALOG_COMPILER_GLOBAL_ACCENT_COLOR_NAME = AccentColor;
				CODE_SIGN_STYLE = Automatic;
				CURRENT_PROJECT_VERSION = 1;
				DEVELOPMENT_TEAM = X9B2ZJZ4H7;
				ENABLE_PREVIEWS = YES;
				GENERATE_INFOPLIST_FILE = YES;
				INFOPLIST_KEY_NSFaceIDUsageDescription = "使用面容 ID 以便快速安全地登录账户";
				INFOPLIST_KEY_UIApplicationSceneManifest_Generation = YES;
				INFOPLIST_KEY_UIApplicationSupportsIndirectInputEvents = YES;
				INFOPLIST_KEY_UILaunchScreen_Generation = YES;
				INFOPLIST_KEY_UISupportedInterfaceOrientations_iPad = "UIInterfaceOrientationPortrait UIInterfaceOrientationPortraitUpsideDown UIInterfaceOrientationLandscapeLeft UIInterfaceOrientationLandscapeRight";
				INFOPLIST_KEY_UISupportedInterfaceOrientations_iPhone = "UIInterfaceOrientationPortrait UIInterfaceOrientationLandscapeLeft UIInterfaceOrientationLandscapeRight";
				LD_RUNPATH_SEARCH_PATHS = (
					"$(inherited)",
					"@executable_path/Frameworks",
				);
				MARKETING_VERSION = 1.0;
				PRODUCT_BUNDLE_IDENTIFIER = zhangyan.Firstrade;
				PRODUCT_NAME = "$(TARGET_NAME)";
				SWIFT_EMIT_LOC_STRINGS = YES;
				SWIFT_VERSION = 5.0;
				TARGETED_DEVICE_FAMILY = "1,2";
			};
			name = Debug;
		};
		A3B0A5992DDED5C600112373 /* Release */ = {
			isa = XCBuildConfiguration;
			buildSettings = {
				ASSETCATALOG_COMPILER_APPICON_NAME = AppIcon;
				ASSETCATALOG_COMPILER_GLOBAL_ACCENT_COLOR_NAME = AccentColor;
				CODE_SIGN_STYLE = Automatic;
				CURRENT_PROJECT_VERSION = 1;
				DEVELOPMENT_TEAM = X9B2ZJZ4H7;
				ENABLE_PREVIEWS = YES;
				GENERATE_INFOPLIST_FILE = YES;
				INFOPLIST_KEY_NSFaceIDUsageDescription = "使用面容 ID 以便快速安全地登录账户";
				INFOPLIST_KEY_UIApplicationSceneManifest_Generation = YES;
				INFOPLIST_KEY_UIApplicationSupportsIndirectInputEvents = YES;
				INFOPLIST_KEY_UILaunchScreen_Generation = YES;
				INFOPLIST_KEY_UISupportedInterfaceOrientations_iPad = "UIInterfaceOrientationPortrait UIInterfaceOrientationPortraitUpsideDown UIInterfaceOrientationLandscapeLeft UIInterfaceOrientationLandscapeRight";
				INFOPLIST_KEY_UISupportedInterfaceOrientations_iPhone = "UIInterfaceOrientationPortrait UIInterfaceOrientationLandscapeLeft UIInterfaceOrientationLandscapeRight";
				LD_RUNPATH_SEARCH_PATHS = (
					"$(inherited)",
					"@executable_path/Frameworks",
				);
				MARKETING_VERSION = 1.0;
				PRODUCT_BUNDLE_IDENTIFIER = zhangyan.Firstrade;
				PRODUCT_NAME = "$(TARGET_NAME)";
				SWIFT_EMIT_LOC_STRINGS = YES;
				SWIFT_VERSION = 5.0;
				TARGETED_DEVICE_FAMILY = "1,2";
			};
			name = Release;
		};
		A3B0A59B2DDED5C600112373 /* Debug */ = {
			isa = XCBuildConfiguration;
			buildSettings = {
				BUNDLE_LOADER = "$(TEST_HOST)";
				CODE_SIGN_STYLE = Automatic;
				CURRENT_PROJECT_VERSION = 1;
				DEVELOPMENT_TEAM = X9B2ZJZ4H7;
				GENERATE_INFOPLIST_FILE = YES;
				IPHONEOS_DEPLOYMENT_TARGET = 18.4;
				MARKETING_VERSION = 1.0;
				PRODUCT_BUNDLE_IDENTIFIER = zhangyan.FirstradeTests;
				PRODUCT_NAME = "$(TARGET_NAME)";
				SWIFT_EMIT_LOC_STRINGS = NO;
				SWIFT_VERSION = 5.0;
				TARGETED_DEVICE_FAMILY = "1,2";
				TEST_HOST = "$(BUILT_PRODUCTS_DIR)/Firstrade.app/$(BUNDLE_EXECUTABLE_FOLDER_PATH)/Firstrade";
			};
			name = Debug;
		};
		A3B0A59C2DDED5C600112373 /* Release */ = {
			isa = XCBuildConfiguration;
			buildSettings = {
				BUNDLE_LOADER = "$(TEST_HOST)";
				CODE_SIGN_STYLE = Automatic;
				CURRENT_PROJECT_VERSION = 1;
				DEVELOPMENT_TEAM = X9B2ZJZ4H7;
				GENERATE_INFOPLIST_FILE = YES;
				IPHONEOS_DEPLOYMENT_TARGET = 18.4;
				MARKETING_VERSION = 1.0;
				PRODUCT_BUNDLE_IDENTIFIER = zhangyan.FirstradeTests;
				PRODUCT_NAME = "$(TARGET_NAME)";
				SWIFT_EMIT_LOC_STRINGS = NO;
				SWIFT_VERSION = 5.0;
				TARGETED_DEVICE_FAMILY = "1,2";
				TEST_HOST = "$(BUILT_PRODUCTS_DIR)/Firstrade.app/$(BUNDLE_EXECUTABLE_FOLDER_PATH)/Firstrade";
			};
			name = Release;
		};
		A3B0A59E2DDED5C600112373 /* Debug */ = {
			isa = XCBuildConfiguration;
			buildSettings = {
				CODE_SIGN_STYLE = Automatic;
				CURRENT_PROJECT_VERSION = 1;
				DEVELOPMENT_TEAM = X9B2ZJZ4H7;
				GENERATE_INFOPLIST_FILE = YES;
				MARKETING_VERSION = 1.0;
				PRODUCT_BUNDLE_IDENTIFIER = zhangyan.FirstradeUITests;
				PRODUCT_NAME = "$(TARGET_NAME)";
				SWIFT_EMIT_LOC_STRINGS = NO;
				SWIFT_VERSION = 5.0;
				TARGETED_DEVICE_FAMILY = "1,2";
				TEST_TARGET_NAME = Firstrade;
			};
			name = Debug;
		};
		A3B0A59F2DDED5C600112373 /* Release */ = {
			isa = XCBuildConfiguration;
			buildSettings = {
				CODE_SIGN_STYLE = Automatic;
				CURRENT_PROJECT_VERSION = 1;
				DEVELOPMENT_TEAM = X9B2ZJZ4H7;
				GENERATE_INFOPLIST_FILE = YES;
				MARKETING_VERSION = 1.0;
				PRODUCT_BUNDLE_IDENTIFIER = zhangyan.FirstradeUITests;
				PRODUCT_NAME = "$(TARGET_NAME)";
				SWIFT_EMIT_LOC_STRINGS = NO;
				SWIFT_VERSION = 5.0;
				TARGETED_DEVICE_FAMILY = "1,2";
				TEST_TARGET_NAME = Firstrade;
			};
			name = Release;
		};
/* End XCBuildConfiguration section */

/* Begin XCConfigurationList section */
		A3B0A5712DDED5C500112373 /* Build configuration list for PBXProject "Firstrade" */ = {
			isa = XCConfigurationList;
			buildConfigurations = (
				A3B0A5952DDED5C600112373 /* Debug */,
				A3B0A5962DDED5C600112373 /* Release */,
			);
			defaultConfigurationIsVisible = 0;
			defaultConfigurationName = Release;
		};
		A3B0A5972DDED5C600112373 /* Build configuration list for PBXNativeTarget "Firstrade" */ = {
			isa = XCConfigurationList;
			buildConfigurations = (
				A3B0A5982DDED5C600112373 /* Debug */,
				A3B0A5992DDED5C600112373 /* Release */,
			);
			defaultConfigurationIsVisible = 0;
			defaultConfigurationName = Release;
		};
		A3B0A59A2DDED5C600112373 /* Build configuration list for PBXNativeTarget "FirstradeTests" */ = {
			isa = XCConfigurationList;
			buildConfigurations = (
				A3B0A59B2DDED5C600112373 /* Debug */,
				A3B0A59C2DDED5C600112373 /* Release */,
			);
			defaultConfigurationIsVisible = 0;
			defaultConfigurationName = Release;
		};
		A3B0A59D2DDED5C600112373 /* Build configuration list for PBXNativeTarget "FirstradeUITests" */ = {
			isa = XCConfigurationList;
			buildConfigurations = (
				A3B0A59E2DDED5C600112373 /* Debug */,
				A3B0A59F2DDED5C600112373 /* Release */,
			);
			defaultConfigurationIsVisible = 0;
			defaultConfigurationName = Release;
		};
/* End XCConfigurationList section */
	};
	rootObject = A3B0A56E2DDED5C500112373 /* Project object */;
}
